
Microsoft Visual Studio Solution File, Format Version 12.00
# Visual Studio Version 17
VisualStudioVersion = 17.10.34916.146
MinimumVisualStudioVersion = 10.0.40219.1
Project("{9A19103F-16F7-4668-BE54-9A1E7A4F7556}") = "Homework-17.06.2024-Interfaces-Delegates", "Homework-17.06.2024-Interfaces-Delegates\Homework-17.06.2024-Interfaces-Delegates.csproj", "{69CB60B8-099A-453A-8EE3-A87398B960FE}"
EndProject
Global
	GlobalSection(SolutionConfigurationPlatforms) = preSolution
		Debug|Any CPU = Debug|Any CPU
		Release|Any CPU = Release|Any CPU
	EndGlobalSection
	GlobalSection(ProjectConfigurationPlatforms) = postSolution
		{69CB60B8-099A-453A-8EE3-A87398B960FE}.Debug|Any CPU.ActiveCfg = Debug|Any CPU
		{69CB60B8-099A-453A-8EE3-A87398B960FE}.Debug|Any CPU.Build.0 = Debug|Any CPU
		{69CB60B8-099A-453A-8EE3-A87398B960FE}.Release|Any CPU.ActiveCfg = Release|Any CPU
		{69CB60B8-099A-453A-8EE3-A87398B960FE}.Release|Any CPU.Build.0 = Release|Any CPU
	EndGlobalSection
	GlobalSection(SolutionProperties) = preSolution
		HideSolutionNode = FALSE
	EndGlobalSection
	GlobalSection(ExtensibilityGlobals) = postSolution
		SolutionGuid = {8E690DA8-0FE5-42E1-8A45-F932329819B5}
	EndGlobalSection
EndGlobal
